
Microsoft Visual Studio Solution File, Format Version 12.00
# Visual Studio 15
VisualStudioVersion = 15.0.28307.421
MinimumVisualStudioVersion = 10.0.40219.1
Project("{FAE04EC0-301F-11D3-BF4B-00C04F79EFBC}") = "southxchange", "southxchange\southxchange.csproj", "{24B5708E-1C1B-475E-B43C-DA7E3F649D9F}"
EndProject
Global
	GlobalSection(SolutionConfigurationPlatforms) = preSolution
		Debug|Any CPU = Debug|Any CPU
		Release|Any CPU = Release|Any CPU
	EndGlobalSection
	GlobalSection(ProjectConfigurationPlatforms) = postSolution
		{24B5708E-1C1B-475E-B43C-DA7E3F649D9F}.Debug|Any CPU.ActiveCfg = Debug|Any CPU
		{24B5708E-1C1B-475E-B43C-DA7E3F649D9F}.Debug|Any CPU.Build.0 = Debug|Any CPU
		{24B5708E-1C1B-475E-B43C-DA7E3F649D9F}.Release|Any CPU.ActiveCfg = Release|Any CPU
		{24B5708E-1C1B-475E-B43C-DA7E3F649D9F}.Release|Any CPU.Build.0 = Release|Any CPU
	EndGlobalSection
	GlobalSection(SolutionProperties) = preSolution
		HideSolutionNode = FALSE
	EndGlobalSection
	GlobalSection(ExtensibilityGlobals) = postSolution
		SolutionGuid = {52B8BBA4-4CE8-4233-B184-044E50BA2604}
	EndGlobalSection
EndGlobal
